Microsoft Visual Studio Solution File, Format Version 12.00
# Visual Studio 2012
Project("{FAE04EC0-301F-11D3-BF4B-00C04F79EFBC}") = "DQB2_WorldEdit", "DQB2_WorldEdit.csproj", "{2A1DE51E-AD4D-494C-8E91-2C9EC6DA7DB7}"
EndProject
Global
	GlobalSection(SolutionConfigurationPlatforms) = preSolution
	Debug|Any CPU = Debug|Any CPU
	ExportDebug|Any CPU = ExportDebug|Any CPU
	ExportRelease|Any CPU = ExportRelease|Any CPU
	EndGlobalSection
	GlobalSection(ProjectConfigurationPlatforms) = postSolution
		{2A1DE51E-AD4D-494C-8E91-2C9EC6DA7DB7}.Debug|Any CPU.ActiveCfg = Debug|Any CPU
		{2A1DE51E-AD4D-494C-8E91-2C9EC6DA7DB7}.Debug|Any CPU.Build.0 = Debug|Any CPU
		{2A1DE51E-AD4D-494C-8E91-2C9EC6DA7DB7}.ExportDebug|Any CPU.ActiveCfg = ExportDebug|Any CPU
		{2A1DE51E-AD4D-494C-8E91-2C9EC6DA7DB7}.ExportDebug|Any CPU.Build.0 = ExportDebug|Any CPU
		{2A1DE51E-AD4D-494C-8E91-2C9EC6DA7DB7}.ExportRelease|Any CPU.ActiveCfg = ExportRelease|Any CPU
		{2A1DE51E-AD4D-494C-8E91-2C9EC6DA7DB7}.ExportRelease|Any CPU.Build.0 = ExportRelease|Any CPU
	EndGlobalSection
EndGlobal
